
Microsoft Visual Studio Solution File, Format Version 12.00
# Visual Studio Version 16
VisualStudioVersion = 16.0.31829.152
MinimumVisualStudioVersion = 10.0.40219.1
Project("{FAE04EC0-301F-11D3-BF4B-00C04F79EFBC}") = "WpfLesson3_3", "WpfLesson3_3\WpfLesson3_3.csproj", "{ADF713FA-BCD7-416C-9F64-868D9479459D}"
EndProject
Global
	GlobalSection(SolutionConfigurationPlatforms) = preSolution
		Debug|Any CPU = Debug|Any CPU
		Release|Any CPU = Release|Any CPU
	EndGlobalSection
	GlobalSection(ProjectConfigurationPlatforms) = postSolution
		{ADF713FA-BCD7-416C-9F64-868D9479459D}.Debug|Any CPU.ActiveCfg = Debug|Any CPU
		{ADF713FA-BCD7-416C-9F64-868D9479459D}.Debug|Any CPU.Build.0 = Debug|Any CPU
		{ADF713FA-BCD7-416C-9F64-868D9479459D}.Release|Any CPU.ActiveCfg = Release|Any CPU
		{ADF713FA-BCD7-416C-9F64-868D9479459D}.Release|Any CPU.Build.0 = Release|Any CPU
	EndGlobalSection
	GlobalSection(SolutionProperties) = preSolution
		HideSolutionNode = FALSE
	EndGlobalSection
	GlobalSection(ExtensibilityGlobals) = postSolution
		SolutionGuid = {167B2CFA-8B1A-4B46-B35C-53BBF66F8C65}
	EndGlobalSection
EndGlobal
